
Microsoft Visual Studio Solution File, Format Version 12.00
# Visual Studio 15
VisualStudioVersion = 15.0.27130.2010
MinimumVisualStudioVersion = 10.0.40219.1
Project("{FAE04EC0-301F-11D3-BF4B-00C04F79EFBC}") = "githubTest", "githubTest\githubTest.csproj", "{1337B0AA-25CB-428E-A3FE-4B2C2D0A00F9}"
EndProject
Global
	GlobalSection(SolutionConfigurationPlatforms) = preSolution
		Debug|Any CPU = Debug|Any CPU
		Release|Any CPU = Release|Any CPU
	EndGlobalSection
	GlobalSection(ProjectConfigurationPlatforms) = postSolution
		{1337B0AA-25CB-428E-A3FE-4B2C2D0A00F9}.Debug|Any CPU.ActiveCfg = Debug|Any CPU
		{1337B0AA-25CB-428E-A3FE-4B2C2D0A00F9}.Debug|Any CPU.Build.0 = Debug|Any CPU
		{1337B0AA-25CB-428E-A3FE-4B2C2D0A00F9}.Release|Any CPU.ActiveCfg = Release|Any CPU
		{1337B0AA-25CB-428E-A3FE-4B2C2D0A00F9}.Release|Any CPU.Build.0 = Release|Any CPU
	EndGlobalSection
	GlobalSection(SolutionProperties) = preSolution
		HideSolutionNode = FALSE
	EndGlobalSection
	GlobalSection(ExtensibilityGlobals) = postSolution
		SolutionGuid = {E481F017-4DEC-463B-9B99-743FB15A642A}
	EndGlobalSection
EndGlobal
